{
  "name": "homey-influxdb",
  "version": "0.9.6",
  "lockfileVersion": 1,
  "requires": true,
  "dependencies": {
    "athom-api": {
      "version": "3.2.8",
      "resolved": "https://registry.npmjs.org/athom-api/-/athom-api-3.2.8.tgz",
      "integrity": "sha512-fS5BwzOJq83vLAhoMdJURD78fhUuJAm/rpNkMb81pnnGNb4cRHL+BI2syo/pF8+yGa8wA50hmOcZtbpuQf3pkQ=="
    },
    "http.min": {
      "version": "2.0.1",
      "resolved": "https://registry.npmjs.org/http.min/-/http.min-2.0.1.tgz",
      "integrity": "sha512-zNq+nEkGpIh+DcIcqhCWo204+Mj7d7eNgg/6r2DxgD47sU6W2En8TvOFgbooBL9ciljnvdSnE0Zv/N/XLQ/Rxw=="
    }
  }
}
