{
  "name": "homey-influxdb",
  "version": "0.9.2",
  "lockfileVersion": 1,
  "requires": true,
  "dependencies": {
    "athom-api": {
      "version": "3.2.8",
      "resolved": "https://registry.npmjs.org/athom-api/-/athom-api-3.2.8.tgz",
      "integrity": "sha512-fS5BwzOJq83vLAhoMdJURD78fhUuJAm/rpNkMb81pnnGNb4cRHL+BI2syo/pF8+yGa8wA50hmOcZtbpuQf3pkQ=="
    },
    "influx": {
      "version": "5.5.2",
      "resolved": "https://registry.npmjs.org/influx/-/influx-5.5.2.tgz",
      "integrity": "sha512-N/UxWa/N2rf3fRyBjqlRobtTbIMOBR+yQIoX0Wme3d3qBxgYWfhTVKC7ph6245ZGbLyW1x4OEyKohgP4SddkTA=="
    }
  }
}
